version: 2.0
shards:
  ansi:
    git: https://github.com/dsisnero/ansi.git
    version: 0.1.0+git.commit.4cf33c14c2ff5da0ac7ed38a2f0aa7eb4128f209

  baked_file_system:
    git: https://github.com/schovi/baked_file_system.git
    version: 0.14.1+git.commit.559a49ab2a7242f60bfd0e939f6b0c70b96b575a

  bidi:
    git: https://github.com/dsisnero/bidi.git
    version: 0.5.0

  bubbles:
    git: https://github.com/dsisnero/bubbles.git
    version: 2.1.2

  bubbletea:
    git: https://github.com/dsisnero/bubbletea.cr.git
    version: 2.0.8

  cancel_reader:
    git: https://github.com/dsisnero/cancel_reader.git
    version: 0.1.0+git.commit.c727d5163e61afa406a22f6daef4dbcc417adeef

  cellwrap:
    git: https://github.com/dsisnero/cellwrap.git
    version: 0.1.0+git.commit.d898f154af8cdf6ac85cfc72a24f4a354be3d88b

  clip:
    git: https://github.com/erdnaxeli/clip.git
    version: 0.2.4

  cml:
    git: https://github.com/dsisnero/cml.git
    version: 0.5.0+git.commit.942ca55abefe4d02875a35d2d7f6ea1ee81b3ed3

  colorful:
    git: https://github.com/dsisnero/colorful.git
    version: 0.1.0+git.commit.f6fbe31e048dab06783e34b82f52d7527763f7eb

  colorprofile:
    git: https://github.com/dsisnero/colorprofile.git
    version: 0.1.0+git.commit.c689a6d8a71c5d8fb3b863a1eb6dc10e7fa0f931

  crig:
    git: https://github.com/dsisnero/crig.git
    version: 0.39.1

  crig-postgres:
    git: https://github.com/dsisnero/crig-postgres.git
    version: 0.1.0+git.commit.24e5d9ff3342a4a030246e87cd1dad2a12fc542d

  crig-sqlite:
    git: https://github.com/dsisnero/crig-sqlite.git
    version: 0.1.0+git.commit.913d45856ec0684634e881a00efc030288aea705

  crimage:
    git: https://github.com/naqvis/crimage.git
    version: 1.0.5+git.commit.7d3244a3850646e3d398cef071f7c3e3f52c7518

  csuuid:
    git: https://github.com/wyhaines/csuuid.cr.git
    version: 1.0.2

  db:
    git: https://github.com/crystal-lang/crystal-db.git
    version: 0.14.0

  debug:
    git: https://github.com/sija/debug.cr.git
    version: 2.0.4

  discordcr:
    git: https://github.com/shardlab/discordcr.git
    version: 0.4.1

  easyclip:
    git: https://github.com/kojix2/easyclip.git
    version: 0.2.0

  harmonica:
    git: https://github.com/dsisnero/harmonica.git
    version: 0.8.0

  json-schema:
    git: https://github.com/spider-gazelle/json-schema.git
    version: 1.3.3

  lipgloss:
    git: https://github.com/dsisnero/lipgloss.git
    version: 2.0.4

  mcp:
    git: https://github.com/dsisnero/mcp.cr.git
    version: 0.5.7

  mosaic:
    git: https://github.com/dsisnero/mosaic.git
    version: 0.1.0+git.commit.efe05c232d6da4cf24ccceafa5b26a01314bfa94

  nbchannel:
    git: https://github.com/dsisnero/nbchannel.cr.git
    version: 0.1.0+git.commit.8ead6a9f7373f7c48747d66c99e930a72efa6dae

  nucleoc:
    git: https://github.com/dsisnero/nucleoc.git
    version: 0.1.0+git.commit.2c822209690d1b82f5b7c8f0b13d433a1663b7ba

  opentelemetry-api:
    git: https://github.com/dsisnero/opentelemetry-api.cr.git
    version: 0.5.1+git.commit.c8a0f0b5b35655d4b7552ae8824100758d3e01ca

  opentelemetry-sdk:
    git: https://github.com/dsisnero/opentelemetry-sdk.cr.git
    version: 0.6.2+git.commit.265d9472ff0007fc9ee7eca1a71f1140c360915e

  parse_date:
    git: https://github.com/wyhaines/parsedate.cr.git
    version: 0.1.2

  pdfbox:
    git: https://github.com/dsisnero/pdfbox.git
    version: 0.1.0+git.commit.6d263f2c65c068b02d42885b2abd2fc9f592b2a8

  pg:
    git: https://github.com/will/crystal-pg.git
    version: 0.29.0+git.commit.c16d54814405e2b9748d9bddc3d8ce0d41d2190f

  protobuf:
    git: https://github.com/jeromegn/protobuf.cr.git
    version: 2.3.1

  retriable:
    git: https://github.com/sija/retriable.cr.git
    version: 0.2.5

  similar:
    git: https://github.com/dsisnero/similar.cr.git
    version: 0.1.0+git.commit.52cfbb2cf1295fabc0a4bf2405819181bcae6046

  splay_tree_map:
    git: https://github.com/wyhaines/splay_tree_map.cr.git
    version: 0.4.0

  sqlite3:
    git: https://github.com/dsisnero/crystal-sqlite3.git
    version: 0.22.0+git.commit.0f06a9de2c373e73496e25ed29f1a38f006d1003

  stumpy_core:
    git: https://github.com/stumpycr/stumpy_core.git
    version: 1.9.1

  stumpy_png:
    git: https://github.com/stumpycr/stumpy_png.git
    version: 5.0.1

  sync-map:
    git: https://github.com/dsisnero/sync-map.git
    version: 0.1.4

  terminfo:
    git: https://github.com/docelic/terminfo.git
    version: 0.8.1

  textseg:
    git: https://github.com/naqvis/uni_text_seg.git
    version: 0.1.3

  time-ext:
    git: https://github.com/wyhaines/time-ext.cr.git
    version: 1.0.1

  toml:
    git: https://github.com/crystal-community/toml.cr.git
    version: 0.8.1

  tracing:
    git: https://github.com/dsisnero/tracing.cr.git
    version: 0.5.2

  tracing-opentelemetry:
    git: https://github.com/dsisnero/tracing-opentelemetry.git
    version: 0.1.0+git.commit.c697c207aecdce6e4a64fc62dcdb1bd9fc697399

  ultraviolet:
    git: https://github.com/dsisnero/ultraviolet.git
    version: 1.1.0

  uniwidth:
    git: https://github.com/naqvis/uni_char_width.git
    version: 0.1.3

